
Microsoft Visual Studio Solution File, Format Version 12.00
# Visual Studio Version 16
VisualStudioVersion = 16.0.30114.105
MinimumVisualStudioVersion = 10.0.40219.1
Project("{FAE04EC0-301F-11D3-BF4B-00C04F79EFBC}") = "SportsStore.Domain", "SportsStore.Domain\SportsStore.Domain.csproj", "{CD93CD06-8933-44F7-AD8C-2686940D083D}"
EndProject
Project("{FAE04EC0-301F-11D3-BF4B-00C04F79EFBC}") = "SportsStore.WebUI", "SportsStore.WebUI\SportsStore.WebUI.csproj", "{6EBF8A23-7BDB-4130-A075-F11FFC609F46}"
EndProject
Project("{FAE04EC0-301F-11D3-BF4B-00C04F79EFBC}") = "SportsStore.UnitTests", "SportsStore.UnitTests\SportsStore.UnitTests.csproj", "{787CC83A-CFB5-420D-A24B-B19EE645BC7C}"
EndProject
Global
	GlobalSection(SolutionConfigurationPlatforms) = preSolution
		Debug|Any CPU = Debug|Any CPU
		Release|Any CPU = Release|Any CPU
	EndGlobalSection
	GlobalSection(ProjectConfigurationPlatforms) = postSolution
		{CD93CD06-8933-44F7-AD8C-2686940D083D}.Debug|Any CPU.ActiveCfg = Debug|Any CPU
		{CD93CD06-8933-44F7-AD8C-2686940D083D}.Debug|Any CPU.Build.0 = Debug|Any CPU
		{CD93CD06-8933-44F7-AD8C-2686940D083D}.Release|Any CPU.ActiveCfg = Release|Any CPU
		{CD93CD06-8933-44F7-AD8C-2686940D083D}.Release|Any CPU.Build.0 = Release|Any CPU
		{6EBF8A23-7BDB-4130-A075-F11FFC609F46}.Debug|Any CPU.ActiveCfg = Debug|Any CPU
		{6EBF8A23-7BDB-4130-A075-F11FFC609F46}.Debug|Any CPU.Build.0 = Debug|Any CPU
		{6EBF8A23-7BDB-4130-A075-F11FFC609F46}.Release|Any CPU.ActiveCfg = Release|Any CPU
		{6EBF8A23-7BDB-4130-A075-F11FFC609F46}.Release|Any CPU.Build.0 = Release|Any CPU
		{787CC83A-CFB5-420D-A24B-B19EE645BC7C}.Debug|Any CPU.ActiveCfg = Debug|Any CPU
		{787CC83A-CFB5-420D-A24B-B19EE645BC7C}.Debug|Any CPU.Build.0 = Debug|Any CPU
		{787CC83A-CFB5-420D-A24B-B19EE645BC7C}.Release|Any CPU.ActiveCfg = Release|Any CPU
		{787CC83A-CFB5-420D-A24B-B19EE645BC7C}.Release|Any CPU.Build.0 = Release|Any CPU
	EndGlobalSection
	GlobalSection(SolutionProperties) = preSolution
		HideSolutionNode = FALSE
	EndGlobalSection
	GlobalSection(ExtensibilityGlobals) = postSolution
		SolutionGuid = {22FD6704-4EEC-4A94-BA02-A90016B6E816}
	EndGlobalSection
EndGlobal
